
Microsoft Visual Studio Solution File, Format Version 12.00
# Visual Studio 15
VisualStudioVersion = 15.0.28010.2036
MinimumVisualStudioVersion = 10.0.40219.1
Project("{9A19103F-16F7-4668-BE54-9A1E7A4F7556}") = "lab07-collections", "lab07-collections\lab07-collections.csproj", "{0A4A6F93-E09B-41C7-860A-0EE808F6F95A}"
EndProject
Project("{FAE04EC0-301F-11D3-BF4B-00C04F79EFBC}") = "lab07-collectionsTest", "lab07-collectionsTest\lab07-collectionsTest.csproj", "{CC9446CF-B80E-4BB7-BAA7-3F093E792881}"
EndProject
Global
	GlobalSection(SolutionConfigurationPlatforms) = preSolution
		Debug|Any CPU = Debug|Any CPU
		Release|Any CPU = Release|Any CPU
	EndGlobalSection
	GlobalSection(ProjectConfigurationPlatforms) = postSolution
		{0A4A6F93-E09B-41C7-860A-0EE808F6F95A}.Debug|Any CPU.ActiveCfg = Debug|Any CPU
		{0A4A6F93-E09B-41C7-860A-0EE808F6F95A}.Debug|Any CPU.Build.0 = Debug|Any CPU
		{0A4A6F93-E09B-41C7-860A-0EE808F6F95A}.Release|Any CPU.ActiveCfg = Release|Any CPU
		{0A4A6F93-E09B-41C7-860A-0EE808F6F95A}.Release|Any CPU.Build.0 = Release|Any CPU
		{CC9446CF-B80E-4BB7-BAA7-3F093E792881}.Debug|Any CPU.ActiveCfg = Debug|Any CPU
		{CC9446CF-B80E-4BB7-BAA7-3F093E792881}.Debug|Any CPU.Build.0 = Debug|Any CPU
		{CC9446CF-B80E-4BB7-BAA7-3F093E792881}.Release|Any CPU.ActiveCfg = Release|Any CPU
		{CC9446CF-B80E-4BB7-BAA7-3F093E792881}.Release|Any CPU.Build.0 = Release|Any CPU
	EndGlobalSection
	GlobalSection(SolutionProperties) = preSolution
		HideSolutionNode = FALSE
	EndGlobalSection
	GlobalSection(ExtensibilityGlobals) = postSolution
		SolutionGuid = {2013C9F9-9738-449D-AE9F-39E2425302D9}
	EndGlobalSection
EndGlobal
